
Microsoft Visual Studio Solution File, Format Version 12.00
# Visual Studio Version 16
VisualStudioVersion = 16.0.32802.440
MinimumVisualStudioVersion = 10.0.40219.1
Project("{FAE04EC0-301F-11D3-BF4B-00C04F79EFBC}") = "WpfApp2_", "..\WpfApp2_\WpfApp2_.csproj", "{90631796-9505-4283-9ED1-686D10AEFCF1}"
EndProject
Global
	GlobalSection(SolutionConfigurationPlatforms) = preSolution
		Debug|Any CPU = Debug|Any CPU
		Release|Any CPU = Release|Any CPU
	EndGlobalSection
	GlobalSection(ProjectConfigurationPlatforms) = postSolution
		{90631796-9505-4283-9ED1-686D10AEFCF1}.Debug|Any CPU.ActiveCfg = Debug|Any CPU
		{90631796-9505-4283-9ED1-686D10AEFCF1}.Debug|Any CPU.Build.0 = Debug|Any CPU
		{90631796-9505-4283-9ED1-686D10AEFCF1}.Release|Any CPU.ActiveCfg = Release|Any CPU
		{90631796-9505-4283-9ED1-686D10AEFCF1}.Release|Any CPU.Build.0 = Release|Any CPU
	EndGlobalSection
	GlobalSection(SolutionProperties) = preSolution
		HideSolutionNode = FALSE
	EndGlobalSection
	GlobalSection(ExtensibilityGlobals) = postSolution
		SolutionGuid = {DD1E5B66-69C5-4FCA-9FED-4FFEB99C6A39}
	EndGlobalSection
EndGlobal
