
Microsoft Visual Studio Solution File, Format Version 12.00
# Visual Studio Version 16
VisualStudioVersion = 16.0.32802.440
MinimumVisualStudioVersion = 10.0.40219.1
Project("{FAE04EC0-301F-11D3-BF4B-00C04F79EFBC}") = "WpfApp11_ResourceStyles", "WpfApp11_ResourceStyles.csproj", "{4E805507-907A-410F-9A82-62E76697F5BD}"
EndProject
Global
	GlobalSection(SolutionConfigurationPlatforms) = preSolution
		Debug|Any CPU = Debug|Any CPU
		Release|Any CPU = Release|Any CPU
	EndGlobalSection
	GlobalSection(ProjectConfigurationPlatforms) = postSolution
		{4E805507-907A-410F-9A82-62E76697F5BD}.Debug|Any CPU.ActiveCfg = Debug|Any CPU
		{4E805507-907A-410F-9A82-62E76697F5BD}.Debug|Any CPU.Build.0 = Debug|Any CPU
		{4E805507-907A-410F-9A82-62E76697F5BD}.Release|Any CPU.ActiveCfg = Release|Any CPU
		{4E805507-907A-410F-9A82-62E76697F5BD}.Release|Any CPU.Build.0 = Release|Any CPU
	EndGlobalSection
	GlobalSection(SolutionProperties) = preSolution
		HideSolutionNode = FALSE
	EndGlobalSection
	GlobalSection(ExtensibilityGlobals) = postSolution
		SolutionGuid = {5AF35688-AEA9-4658-85A5-7802ADEABF8F}
	EndGlobalSection
EndGlobal
